// !$*UTF8*$!
{
	archiveVersion = 1;
	classes = {
	};
	objectVersion = 46;
	objects = {

/* Begin PBXBuildFile section */
		713A93E699625561C17B4A92 /* Pods_SocketDemo.framework in Frameworks */ = {isa = PBXBuildFile; fileRef = 7AF64CCF0820F31B3ADF8F88 /* Pods_SocketDemo.framework */; };
		F226F2791CFC3B880018E049 /* AppDelegate.swift in Sources */ = {isa = PBXBuildFile; fileRef = F226F2781CFC3B880018E049 /* AppDelegate.swift */; };
		F226F27B1CFC3B880018E049 /* ViewController.swift in Sources */ = {isa = PBXBuildFile; fileRef = F226F27A1CFC3B880018E049 /* ViewController.swift */; };
		F226F27E1CFC3B880018E049 /* Main.storyboard in Resources */ = {isa = PBXBuildFile; fileRef = F226F27C1CFC3B880018E049 /* Main.storyboard */; };
		F226F2801CFC3B880018E049 /* Assets.xcassets in Resources */ = {isa = PBXBuildFile; fileRef = F226F27F1CFC3B880018E049 /* Assets.xcassets */; };
		F226F2831CFC3B880018E049 /* LaunchScreen.storyboard in Resources */ = {isa = PBXBuildFile; fileRef = F226F2811CFC3B880018E049 /* LaunchScreen.storyboard */; };
/* End PBXBuildFile section */

/* Begin PBXFileReference section */
		7AF64CCF0820F31B3ADF8F88 /* Pods_SocketDemo.framework */ = {isa = PBXFileReference; explicitFileType = wrapper.framework; includeInIndex = 0; path = Pods_SocketDemo.framework; sourceTree = BUILT_PRODUCTS_DIR; };
		990727399AEDD7ABFA3535CF /* Pods-SocketDemo.debug.xcconfig */ = {isa = PBXFileReference; includeInIndex = 1; lastKnownFileType = text.xcconfig; name = "Pods-SocketDemo.debug.xcconfig"; path = "Pods/Target Support Files/Pods-SocketDemo/Pods-SocketDemo.debug.xcconfig"; sourceTree = "<group>"; };
		A25EF04C8B77C4F2CF0294B6 /* Pods-SocketDemo.release.xcconfig */ = {isa = PBXFileReference; includeInIndex = 1; lastKnownFileType = text.xcconfig; name = "Pods-SocketDemo.release.xcconfig"; path = "Pods/Target Support Files/Pods-SocketDemo/Pods-SocketDemo.release.xcconfig"; sourceTree = "<group>"; };
		F226F2751CFC3B880018E049 /* SocketDemo.app */ = {isa = PBXFileReference; explicitFileType = wrapper.application; includeInIndex = 0; path = SocketDemo.app; sourceTree = BUILT_PRODUCTS_DIR; };
		F226F2781CFC3B880018E049 /* AppDelegate.swift */ = {isa = PBXFileReference; lastKnownFileType = sourcecode.swift; path = AppDelegate.swift; sourceTree = "<group>"; };
		F226F27A1CFC3B880018E049 /* ViewController.swift */ = {isa = PBXFileReference; lastKnownFileType = sourcecode.swift; path = ViewController.swift; sourceTree = "<group>"; };
		F226F27D1CFC3B880018E049 /* Base */ = {isa = PBXFileReference; lastKnownFileType = file.storyboard; name = Base; path = Base.lproj/Main.storyboard; sourceTree = "<group>"; };
		F226F27F1CFC3B880018E049 /* Assets.xcassets */ = {isa = PBXFileReference; lastKnownFileType = folder.assetcatalog; path = Assets.xcassets; sourceTree = "<group>"; };
		F226F2821CFC3B880018E049 /* Base */ = {isa = PBXFileReference; lastKnownFileType = file.storyboard; name = Base; path = Base.lproj/LaunchScreen.storyboard; sourceTree = "<group>"; };
		F226F2841CFC3B880018E049 /* Info.plist */ = {isa = PBXFileReference; lastKnownFileType = text.plist.xml; path = Info.plist; sourceTree = "<group>"; };
/* End PBXFileReference section */

/* Begin PBXFrameworksBuildPhase section */
		F226F2721CFC3B880018E049 /* Frameworks */ = {
			isa = PBXFrameworksBuildPhase;
			buildActionMask = 2147483647;
			files = (
				713A93E699625561C17B4A92 /* Pods_SocketDemo.framework in Frameworks */,
			);
			runOnlyForDeploymentPostprocessing = 0;
		};
/* End PBXFrameworksBuildPhase section */

/* Begin PBXGroup section */
		572F5699907FBD652DF6DEA0 /* Frameworks */ = {
			isa = PBXGroup;
			children = (
				7AF64CCF0820F31B3ADF8F88 /* Pods_SocketDemo.framework */,
			);
			name = Frameworks;
			sourceTree = "<group>";
		};
		E9D01C6061360DE8B5C482B1 /* Pods */ = {
			isa = PBXGroup;
			children = (
				990727399AEDD7ABFA3535CF /* Pods-SocketDemo.debug.xcconfig */,
				A25EF04C8B77C4F2CF0294B6 /* Pods-SocketDemo.release.xcconfig */,
			);
			name = Pods;
			sourceTree = "<group>";
		};
		F226F26C1CFC3B880018E049 = {
			isa = PBXGroup;
			children = (
				F226F2771CFC3B880018E049 /* SocketDemo */,
				F226F2761CFC3B880018E049 /* Products */,
				E9D01C6061360DE8B5C482B1 /* Pods */,
				572F5699907FBD652DF6DEA0 /* Frameworks */,
			);
			sourceTree = "<group>";
		};
		F226F2761CFC3B880018E049 /* Products */ = {
			isa = PBXGroup;
			children = (
				F226F2751CFC3B880018E049 /* SocketDemo.app */,
			);
			name = Products;
			sourceTree = "<group>";
		};
		F226F2771CFC3B880018E049 /* SocketDemo */ = {
			isa = PBXGroup;
			children = (
				F226F2781CFC3B880018E049 /* AppDelegate.swift */,
				F226F27A1CFC3B880018E049 /* ViewController.swift */,
				F226F27C1CFC3B880018E049 /* Main.storyboard */,
				F226F27F1CFC3B880018E049 /* Assets.xcassets */,
				F226F2811CFC3B880018E049 /* LaunchScreen.storyboard */,
				F226F2841CFC3B880018E049 /* Info.plist */,
			);
			path = SocketDemo;
			sourceTree = "<group>";
		};
/* End PBXGroup section */

/* Begin PBXNativeTarget section */
		F226F2741CFC3B880018E049 /* SocketDemo */ = {
			isa = PBXNativeTarget;
			buildConfigurationList = F226F2871CFC3B880018E049 /* Build configuration list for PBXNativeTarget "SocketDemo" */;
			buildPhases = (
				5D6E05F91FBA4CDE65383A51 /* 📦 Check Pods Manifest.lock */,
				F226F2711CFC3B880018E049 /* Sources */,
				F226F2721CFC3B880018E049 /* Frameworks */,
				F226F2731CFC3B880018E049 /* Resources */,
				7CE584FAF6D233A76A702573 /* 📦 Embed Pods Frameworks */,
				FDC6A82BF4955777464F7B5A /* 📦 Copy Pods Resources */,
				F2F8BFE11D003F3C0057E957 /* ShellScript */,
			);
			buildRules = (
			);
			dependencies = (
			);
			name = SocketDemo;
			productName = SocketDemo;
			productReference = F226F2751CFC3B880018E049 /* SocketDemo.app */;
			productType = "com.apple.product-type.application";
		};
/* End PBXNativeTarget section */

/* Begin PBXProject section */
		F226F26D1CFC3B880018E049 /* Project object */ = {
			isa = PBXProject;
			attributes = {
				LastSwiftUpdateCheck = 0730;
				LastUpgradeCheck = 0730;
				ORGANIZATIONNAME = "Slash Global";
				TargetAttributes = {
					F226F2741CFC3B880018E049 = {
						CreatedOnToolsVersion = 7.3;
					};
				};
			};
			buildConfigurationList = F226F2701CFC3B880018E049 /* Build configuration list for PBXProject "SocketDemo" */;
			compatibilityVersion = "Xcode 3.2";
			developmentRegion = English;
			hasScannedForEncodings = 0;
			knownRegions = (
				en,
				Base,
			);
			mainGroup = F226F26C1CFC3B880018E049;
			productRefGroup = F226F2761CFC3B880018E049 /* Products */;
			projectDirPath = "";
			projectRoot = "";
			targets = (
				F226F2741CFC3B880018E049 /* SocketDemo */,
			);
		};
/* End PBXProject section */

/* Begin PBXResourcesBuildPhase section */
		F226F2731CFC3B880018E049 /* Resources */ = {
			isa = PBXResourcesBuildPhase;
			buildActionMask = 2147483647;
			files = (
				F226F2831CFC3B880018E049 /* LaunchScreen.storyboard in Resources */,
				F226F2801CFC3B880018E049 /* Assets.xcassets in Resources */,
				F226F27E1CFC3B880018E049 /* Main.storyboard in Resources */,
			);
			runOnlyForDeploymentPostprocessing = 0;
		};
/* End PBXResourcesBuildPhase section */

/* Begin PBXShellScriptBuildPhase section */
		5D6E05F91FBA4CDE65383A51 /* 📦 Check Pods Manifest.lock */ = {
			isa = PBXShellScriptBuildPhase;
			buildActionMask = 2147483647;
			files = (
			);
			inputPaths = (
			);
			name = "📦 Check Pods Manifest.lock";
			outputPaths = (
			);
			runOnlyForDeploymentPostprocessing = 0;
			shellPath = /bin/sh;
			shellScript = "diff \"${PODS_ROOT}/../Podfile.lock\" \"${PODS_ROOT}/Manifest.lock\" > /dev/null\nif [[ $? != 0 ]] ; then\n    cat << EOM\nerror: The sandbox is not in sync with the Podfile.lock. Run 'pod install' or update your CocoaPods installation.\nEOM\n    exit 1\nfi\n";
			showEnvVarsInLog = 0;
		};
		7CE584FAF6D233A76A702573 /* 📦 Embed Pods Frameworks */ = {
			isa = PBXShellScriptBuildPhase;
			buildActionMask = 2147483647;
			files = (
			);
			inputPaths = (
			);
			name = "📦 Embed Pods Frameworks";
			outputPaths = (
			);
			runOnlyForDeploymentPostprocessing = 0;
			shellPath = /bin/sh;
			shellScript = "\"${SRCROOT}/Pods/Target Support Files/Pods-SocketDemo/Pods-SocketDemo-frameworks.sh\"\n";
			showEnvVarsInLog = 0;
		};
		F2F8BFE11D003F3C0057E957 /* ShellScript */ = {
			isa = PBXShellScriptBuildPhase;
			buildActionMask = 2147483647;
			files = (
			);
			inputPaths = (
			);
			outputPaths = (
			);
			runOnlyForDeploymentPostprocessing = 0;
			shellPath = /bin/sh;
			shellScript = "./Fabric.framework/run 721e2765b0b4c07f56be058fe891146850cdf7f1 301199bbf45423e40af81d82274e64b14669ae88c2b1f5735d4f88256681044d";
		};
		FDC6A82BF4955777464F7B5A /* 📦 Copy Pods Resources */ = {
			isa = PBXShellScriptBuildPhase;
			buildActionMask = 2147483647;
			files = (
			);
			inputPaths = (
			);
			name = "📦 Copy Pods Resources";
			outputPaths = (
			);
			runOnlyForDeploymentPostprocessing = 0;
			shellPath = /bin/sh;
			shellScript = "\"${SRCROOT}/Pods/Target Support Files/Pods-SocketDemo/Pods-SocketDemo-resources.sh\"\n";
			showEnvVarsInLog = 0;
		};
/* End PBXShellScriptBuildPhase section */

/* Begin PBXSourcesBuildPhase section */
		F226F2711CFC3B880018E049 /* Sources */ = {
			isa = PBXSourcesBuildPhase;
			buildActionMask = 2147483647;
			files = (
				F226F27B1CFC3B880018E049 /* ViewController.swift in Sources */,
				F226F2791CFC3B880018E049 /* AppDelegate.swift in Sources */,
			);
			runOnlyForDeploymentPostprocessing = 0;
		};
/* End PBXSourcesBuildPhase section */

/* Begin PBXVariantGroup section */
		F226F27C1CFC3B880018E049 /* Main.storyboard */ = {
			isa = PBXVariantGroup;
			children = (
				F226F27D1CFC3B880018E049 /* Base */,
			);
			name = Main.storyboard;
			sourceTree = "<group>";
		};
		F226F2811CFC3B880018E049 /* LaunchScreen.storyboard */ = {
			isa = PBXVariantGroup;
			children = (
				F226F2821CFC3B880018E049 /* Base */,
			);
			name = LaunchScreen.storyboard;
			sourceTree = "<group>";
		};
/* End PBXVariantGroup section */

/* Begin XCBuildConfiguration section */
		F226F2851CFC3B880018E049 /* Debug */ = {
			isa = XCBuildConfiguration;
			buildSettings = {
				ALWAYS_SEARCH_USER_PATHS = NO;
				CLANG_ANALYZER_NONNULL = YES;
				CLANG_CXX_LANGUAGE_STANDARD = "gnu++0x";
				CLANG_CXX_LIBRARY = "libc++";
				CLANG_ENABLE_MODULES = YES;
				CLANG_ENABLE_OBJC_ARC = YES;
				CLANG_WARN_BOOL_CONVERSION = YES;
				CLANG_WARN_CONSTANT_CONVERSION = YES;
				CLANG_WARN_DIRECT_OBJC_ISA_USAGE = YES_ERROR;
				CLANG_WARN_EMPTY_BODY = YES;
				CLANG_WARN_ENUM_CONVERSION = YES;
				CLANG_WARN_INT_CONVERSION = YES;
				CLANG_WARN_OBJC_ROOT_CLASS = YES_ERROR;
				CLANG_WARN_UNREACHABLE_CODE = YES;
				CLANG_WARN__DUPLICATE_METHOD_MATCH = YES;
				"CODE_SIGN_IDENTITY[sdk=iphoneos*]" = "iPhone Developer";
				COPY_PHASE_STRIP = NO;
				DEBUG_INFORMATION_FORMAT = dwarf;
				ENABLE_STRICT_OBJC_MSGSEND = YES;
				ENABLE_TESTABILITY = YES;
				GCC_C_LANGUAGE_STANDARD = gnu99;
				GCC_DYNAMIC_NO_PIC = NO;
				GCC_NO_COMMON_BLOCKS = YES;
				GCC_OPTIMIZATION_LEVEL = 0;
				GCC_PREPROCESSOR_DEFINITIONS = (
					"DEBUG=1",
					"$(inherited)",
				);
				GCC_WARN_64_TO_32_BIT_CONVERSION = YES;
				GCC_WARN_ABOUT_RETURN_TYPE = YES_ERROR;
				GCC_WARN_UNDECLARED_SELECTOR = YES;
				GCC_WARN_UNINITIALIZED_AUTOS = YES_AGGRESSIVE;
				GCC_WARN_UNUSED_FUNCTION = YES;
				GCC_WARN_UNUSED_VARIABLE = YES;
				IPHONEOS_DEPLOYMENT_TARGET = 9.3;
				MTL_ENABLE_DEBUG_INFO = YES;
				ONLY_ACTIVE_ARCH = YES;
				SDKROOT = iphoneos;
				SWIFT_OPTIMIZATION_LEVEL = "-Onone";
			};
			name = Debug;
		};
		F226F2861CFC3B880018E049 /* Release */ = {
			isa = XCBuildConfiguration;
			buildSettings = {
				ALWAYS_SEARCH_USER_PATHS = NO;
				CLANG_ANALYZER_NONNULL = YES;
				CLANG_CXX_LANGUAGE_STANDARD = "gnu++0x";
				CLANG_CXX_LIBRARY = "libc++";
				CLANG_ENABLE_MODULES = YES;
				CLANG_ENABLE_OBJC_ARC = YES;
				CLANG_WARN_BOOL_CONVERSION = YES;
				CLANG_WARN_CONSTANT_CONVERSION = YES;
				CLANG_WARN_DIRECT_OBJC_ISA_USAGE = YES_ERROR;
				CLANG_WARN_EMPTY_BODY = YES;
				CLANG_WARN_ENUM_CONVERSION = YES;
				CLANG_WARN_INT_CONVERSION = YES;
				CLANG_WARN_OBJC_ROOT_CLASS = YES_ERROR;
				CLANG_WARN_UNREACHABLE_CODE = YES;
				CLANG_WARN__DUPLICATE_METHOD_MATCH = YES;
				"CODE_SIGN_IDENTITY[sdk=iphoneos*]" = "iPhone Developer";
				COPY_PHASE_STRIP = NO;
				DEBUG_INFORMATION_FORMAT = "dwarf-with-dsym";
				ENABLE_NS_ASSERTIONS = NO;
				ENABLE_STRICT_OBJC_MSGSEND = YES;
				GCC_C_LANGUAGE_STANDARD = gnu99;
				GCC_NO_COMMON_BLOCKS = YES;
				GCC_WARN_64_TO_32_BIT_CONVERSION = YES;
				GCC_WARN_ABOUT_RETURN_TYPE = YES_ERROR;
				GCC_WARN_UNDECLARED_SELECTOR = YES;
				GCC_WARN_UNINITIALIZED_AUTOS = YES_AGGRESSIVE;
				GCC_WARN_UNUSED_FUNCTION = YES;
				GCC_WARN_UNUSED_VARIABLE = YES;
				IPHONEOS_DEPLOYMENT_TARGET = 9.3;
				MTL_ENABLE_DEBUG_INFO = NO;
				SDKROOT = iphoneos;
				VALIDATE_PRODUCT = YES;
			};
			name = Release;
		};
		F226F2881CFC3B880018E049 /* Debug */ = {
			isa = XCBuildConfiguration;
			baseConfigurationReference = 990727399AEDD7ABFA3535CF /* Pods-SocketDemo.debug.xcconfig */;
			buildSettings = {
				ASSETCATALOG_COMPILER_APPICON_NAME = AppIcon;
				CODE_SIGN_IDENTITY = "iPhone Developer";
				"CODE_SIGN_IDENTITY[sdk=iphoneos*]" = "iPhone Developer";
				DEBUG_INFORMATION_FORMAT = "dwarf-with-dsym";
				INFOPLIST_FILE = SocketDemo/Info.plist;
				IPHONEOS_DEPLOYMENT_TARGET = 8.1;
				LD_RUNPATH_SEARCH_PATHS = "$(inherited) @executable_path/Frameworks";
				PRODUCT_BUNDLE_IDENTIFIER = com.SlashGlobal.SocketDemo;
				PRODUCT_NAME = "$(TARGET_NAME)";
				PROVISIONING_PROFILE = "";
			};
			name = Debug;
		};
		F226F2891CFC3B880018E049 /* Release */ = {
			isa = XCBuildConfiguration;
			baseConfigurationReference = A25EF04C8B77C4F2CF0294B6 /* Pods-SocketDemo.release.xcconfig */;
			buildSettings = {
				ASSETCATALOG_COMPILER_APPICON_NAME = AppIcon;
				CODE_SIGN_IDENTITY = "iPhone Developer";
				"CODE_SIGN_IDENTITY[sdk=iphoneos*]" = "iPhone Developer";
				INFOPLIST_FILE = SocketDemo/Info.plist;
				IPHONEOS_DEPLOYMENT_TARGET = 8.1;
				LD_RUNPATH_SEARCH_PATHS = "$(inherited) @executable_path/Frameworks";
				PRODUCT_BUNDLE_IDENTIFIER = com.SlashGlobal.SocketDemo;
				PRODUCT_NAME = "$(TARGET_NAME)";
				PROVISIONING_PROFILE = "";
			};
			name = Release;
		};
/* End XCBuildConfiguration section */

/* Begin XCConfigurationList section */
		F226F2701CFC3B880018E049 /* Build configuration list for PBXProject "SocketDemo" */ = {
			isa = XCConfigurationList;
			buildConfigurations = (
				F226F2851CFC3B880018E049 /* Debug */,
				F226F2861CFC3B880018E049 /* Release */,
			);
			defaultConfigurationIsVisible = 0;
			defaultConfigurationName = Release;
		};
		F226F2871CFC3B880018E049 /* Build configuration list for PBXNativeTarget "SocketDemo" */ = {
			isa = XCConfigurationList;
			buildConfigurations = (
				F226F2881CFC3B880018E049 /* Debug */,
				F226F2891CFC3B880018E049 /* Release */,
			);
			defaultConfigurationIsVisible = 0;
			defaultConfigurationName = Release;
		};
/* End XCConfigurationList section */
	};
	rootObject = F226F26D1CFC3B880018E049 /* Project object */;
}
